lockfileVersion: 5.4

importers:

  .:
    specifiers:
      '@node-rs/deno-lint': ^1.13.1
      husky: ^8.0.1
      prettier: ^2.7.1
      turbo: ^1.3.1
      typescript: ^4.7.4
    devDependencies:
      '@node-rs/deno-lint': 1.13.1
      husky: 8.0.1
      prettier: 2.7.1
      turbo: 1.3.1
      typescript: 4.7.4

packages:

  /@node-rs/deno-lint-android-arm-eabi/1.13.1:
    resolution: {integrity: sha512-IV0tdrx+y8QZCVAY2oUY5rlLzHZ2939Q6BhjB8r6EPIAmlSRGZjIwkWvSX4JqXpJgUy4FEndESvvg6IjIhPaMw==}
    engines: {node: '>= 10'}
    cpu: [arm]
    os: [android]
    requiresBuild: true
    dev: true
    optional: true

  /@node-rs/deno-lint-android-arm64/1.13.1:
    resolution: {integrity: sha512-B2rFeBVMaKFHoIAiJx+NveT677dbApZf3YG9ca3mMjw0y1X2f5T4GSYAqVVJtffJaXvAFLAV3jOYW56e7QV6Iw==}
    engines: {node: '>= 10'}
    cpu: [arm64]
    os: [android]
    requiresBuild: true
    dev: true
    optional: true

  /@node-rs/deno-lint-darwin-arm64/1.13.1:
    resolution: {integrity: sha512-/LaizMfSjXYhT4EkEMsN8ZvknARjIJqjVaSsBztfZI97ASE6sTPoJgmJquc0GuO4bECyfX7P2MLTtn7cfFip+w==}
    engines: {node: '>= 10'}
    cpu: [arm64]
    os: [darwin]
    requiresBuild: true
    dev: true
    optional: true

  /@node-rs/deno-lint-darwin-x64/1.13.1:
    resolution: {integrity: sha512-j5LEXhDAzlQRjp+1Aa60ks7uwRIVOnqNlkdlu47a+DAjRaRwts6ywI8lzk6DdJO119GCo0HVT3UpZzF3TZZ/YQ==}
    engines: {node: '>= 10'}
    cpu: [x64]
    os: [darwin]
    requiresBuild: true
    dev: true
    optional: true

  /@node-rs/deno-lint-freebsd-x64/1.13.1:
    resolution: {integrity: sha512-wQIqMcwYBv8io+nuQ4AZ8KialltCDc1O4cy3fSdvf8KwKCtGQ0D+WG5+nooyHxqzy5m/JwqUqJO2vRJWqdAH4w==}
    engines: {node: '>= 10'}
    cpu: [x64]
    os: [freebsd]
    requiresBuild: true
    dev: true
    optional: true

  /@node-rs/deno-lint-linux-arm-gnueabihf/1.13.1:
    resolution: {integrity: sha512-WO+0X3jD1Nn99rH6mGDZ/vk/0kaotckF37j/IIAjT4AsWdLDAPihIfOMkTAiWSTvxkvPBs2hfc3YMQBGFP/sEw==}
    engines: {node: '>= 10'}
    cpu: [arm]
    os: [linux]
    requiresBuild: true
    dev: true
    optional: true

  /@node-rs/deno-lint-linux-arm64-gnu/1.13.1:
    resolution: {integrity: sha512-/yjeKMtwAXV24Ahs2Jv5nG+GpX2gPdKHLgzPsrVuPOZvqlgCzxs04BY82QL49DHvnIcrv1W4B+StDSTapuCZ2w==}
    engines: {node: '>= 10'}
    cpu: [arm64]
    os: [linux]
    requiresBuild: true
    dev: true
    optional: true

  /@node-rs/deno-lint-linux-arm64-musl/1.13.1:
    resolution: {integrity: sha512-kqNMlErnMaUom3IyU1pYDE/qNbU9TZXKJ9qFcCxbHdIDTieK1Wqy4yc4QpMLQFXE9XRUFOli22PEnDO7IsJezg==}
    engines: {node: '>= 10'}
    cpu: [arm64]
    os: [linux]
    requiresBuild: true
    dev: true
    optional: true

  /@node-rs/deno-lint-linux-x64-gnu/1.13.1:
    resolution: {integrity: sha512-hH7+z9AWauTUpNk7ando8EWNLd7SYROGIbWW5ho8aFapRR715HV1EwnIJZuaBn8xsWBKmP1Jg/+Q8KMAXGCi4g==}
    engines: {node: '>= 10'}
    cpu: [x64]
    os: [linux]
    requiresBuild: true
    dev: true
    optional: true

  /@node-rs/deno-lint-linux-x64-musl/1.13.1:
    resolution: {integrity: sha512-s9RUNuXLT2itPTqU5b9pAp7Lg8KoEdAJ4yzDekGo8AK9mb/rLs7q30af7Qi5AdzWOq5VsXYjkghZH8HbwhnHEQ==}
    engines: {node: '>= 10'}
    cpu: [x64]
    os: [linux]
    requiresBuild: true
    dev: true
    optional: true

  /@node-rs/deno-lint-win32-arm64-msvc/1.13.1:
    resolution: {integrity: sha512-T5Xd/Q86xN9hS1zLgruxtkb9jsGHdYRN1qHG6ltYcLZPAAUP3tTjbsZhLSaGVSOmOGZt5wmmBOPSHzb2hxnXPw==}
    engines: {node: '>= 10'}
    cpu: [arm64]
    os: [win32]
    requiresBuild: true
    dev: true
    optional: true

  /@node-rs/deno-lint-win32-ia32-msvc/1.13.1:
    resolution: {integrity: sha512-rDCx8QBaEpEznu3x/dW4SskBSaTCaGSgR4K+YJXIihxDXWeMtyyt/ek+wB2zezIVVfaSxBkLkSBJIEdZqped7Q==}
    engines: {node: '>= 10'}
    cpu: [ia32]
    os: [win32]
    requiresBuild: true
    dev: true
    optional: true

  /@node-rs/deno-lint-win32-x64-msvc/1.13.1:
    resolution: {integrity: sha512-EL5D4MGFYUjAz107fuD1OjsSjWKMvYkMB8PDmI5YbuoIyDGcq9lwCXkQbpN+T16EBHaWHlCnVPJE6YAwqJg1Vw==}
    engines: {node: '>= 10'}
    cpu: [x64]
    os: [win32]
    requiresBuild: true
    dev: true
    optional: true

  /@node-rs/deno-lint/1.13.1:
    resolution: {integrity: sha512-0fQ5+kAjK1QFX7iXjhLe0Sk+M2ES58q0Z1OxmDer8sF4o3m9RSP7oN1Qc9zcRkPm1DQO0z06Wr/10w7rHUQMnw==}
    engines: {node: '>= 10'}
    hasBin: true
    dependencies:
      clipanion: 3.1.0
      typanion: 3.9.0
    optionalDependencies:
      '@node-rs/deno-lint-android-arm-eabi': 1.13.1
      '@node-rs/deno-lint-android-arm64': 1.13.1
      '@node-rs/deno-lint-darwin-arm64': 1.13.1
      '@node-rs/deno-lint-darwin-x64': 1.13.1
      '@node-rs/deno-lint-freebsd-x64': 1.13.1
      '@node-rs/deno-lint-linux-arm-gnueabihf': 1.13.1
      '@node-rs/deno-lint-linux-arm64-gnu': 1.13.1
      '@node-rs/deno-lint-linux-arm64-musl': 1.13.1
      '@node-rs/deno-lint-linux-x64-gnu': 1.13.1
      '@node-rs/deno-lint-linux-x64-musl': 1.13.1
      '@node-rs/deno-lint-win32-arm64-msvc': 1.13.1
      '@node-rs/deno-lint-win32-ia32-msvc': 1.13.1
      '@node-rs/deno-lint-win32-x64-msvc': 1.13.1
    dev: true

  /clipanion/3.1.0:
    resolution: {integrity: sha512-v025Hz+IDQ15FpOyK8p02h5bFznMu6rLFsJSyOPR+7WrbSnZ1Ek6pblPukV7K5tC/dsWfncQPIrJ4iUy2PXkbw==}
    dependencies:
      typanion: 3.9.0
    dev: true

  /husky/8.0.1:
    resolution: {integrity: sha512-xs7/chUH/CKdOCs7Zy0Aev9e/dKOMZf3K1Az1nar3tzlv0jfqnYtu235bstsWTmXOR0EfINrPa97yy4Lz6RiKw==}
    engines: {node: '>=14'}
    hasBin: true
    dev: true

  /prettier/2.7.1:
    resolution: {integrity: sha512-ujppO+MkdPqoVINuDFDRLClm7D78qbDt0/NR+wp5FqEZOoTNAjPHWj17QRhu7geIHJfcNhRk1XVQmF8Bp3ye+g==}
    engines: {node: '>=10.13.0'}
    hasBin: true
    dev: true

  /turbo-android-arm64/1.3.1:
    resolution: {integrity: sha512-JcnZh9tLbZDpKaXaao/s/k4qXt3TbNEc1xEYYXurVWnqiMueGeS7QAtThVB85ZSqzj7djk+ngSrZabPy5RG25Q==}
    cpu: [arm64]
    os: [android]
    requiresBuild: true
    dev: true
    optional: true

  /turbo-darwin-64/1.3.1:
    resolution: {integrity: sha512-TIGDradVFoGck86VIuM38KaDeNxdKaP2ti93UpQeFw26ZhPIeTAa6wUgnz4DQP6bjIvQmXlYJ16ETZb4tFYygg==}
    cpu: [x64]
    os: [darwin]
    requiresBuild: true
    dev: true
    optional: true

  /turbo-darwin-arm64/1.3.1:
    resolution: {integrity: sha512-aLBq8KiMMmop7uKBkvDt/y+eER2UzxZyUzh1KWcZ7DZB5tFZnknEUyf2qggY2vd2WcDVfQ1EUjZ0MFxhhVaVzA==}
    cpu: [arm64]
    os: [darwin]
    requiresBuild: true
    dev: true
    optional: true

  /turbo-freebsd-64/1.3.1:
    resolution: {integrity: sha512-BOr/ifmxjlBeuDkDQLUJtzqzXQ2zPHHcI14U9Ys+z4Mza1uzQn/oSJqQvU5RuyRBVai7noMrpPS7QuKtDz0Cyg==}
    cpu: [x64]
    os: [freebsd]
    requiresBuild: true
    dev: true
    optional: true

  /turbo-freebsd-arm64/1.3.1:
    resolution: {integrity: sha512-bHPZjK4xnGLz6/oxl5XmWhdYOdtBMSadrGhptWSZ0wBGNn/gQzDTeZAkQeqhh25AD0eM1hzDe8QUz8GlS43lrA==}
    cpu: [arm64]
    os: [freebsd]
    requiresBuild: true
    dev: true
    optional: true

  /turbo-linux-32/1.3.1:
    resolution: {integrity: sha512-c5okimusfvivu9wS8MKSr+rXpQAV+M4TyR9JX+spIK8B1I7AjfECAqiK2D5WFWO1bQ33bUAuxXOEpUuLpgEm+g==}
    cpu: [ia32]
    os: [linux]
    requiresBuild: true
    dev: true
    optional: true

  /turbo-linux-64/1.3.1:
    resolution: {integrity: sha512-O0pNX+N5gbmRcyZT+jsCPUNCN3DpIZHqNN35j7MT5nr0IkZa83CGbZnrEc+7Qws//jFJ26EngqD/JyRB2E8nwQ==}
    cpu: [x64]
    os: [linux]
    requiresBuild: true
    dev: true
    optional: true

  /turbo-linux-arm/1.3.1:
    resolution: {integrity: sha512-f+r6JIwv/7ylxxJtgVi8cVw+6oNoD/r1IMTU6ejH8bfyMZZko4kkNwH9VYribQ44KDkJEgzdltnzFG5f6Hz10g==}
    cpu: [arm]
    os: [linux]
    requiresBuild: true
    dev: true
    optional: true

  /turbo-linux-arm64/1.3.1:
    resolution: {integrity: sha512-D6+1MeS/x+/VCCooHPU4NIpB8qI/eW70eMRA79bqTPaxxluP0g2CaxXgucco05P51YtNsSxeVcH7X76iadON6Q==}
    cpu: [arm64]
    os: [linux]
    requiresBuild: true
    dev: true
    optional: true

  /turbo-linux-mips64le/1.3.1:
    resolution: {integrity: sha512-yL64jgwVCziOpBcdpMxIsczkgwwOvmaqKObFKWyCNlk/LOl5NKODLwXEaryLaALtpwUAoS4ltMSI64gKqmLrOA==}
    cpu: [mips64el]
    os: [linux]
    requiresBuild: true
    dev: true
    optional: true

  /turbo-linux-ppc64le/1.3.1:
    resolution: {integrity: sha512-tjnM+8RosykS1lBpOPLDXGOz/Po2h796ty17uBd7IFslWPOI16a/akFOFoLH8PCiGGJMe3CYgRhEKn4sPWNxFA==}
    cpu: [ppc64]
    os: [linux]
    requiresBuild: true
    dev: true
    optional: true

  /turbo-windows-32/1.3.1:
    resolution: {integrity: sha512-Snnv+TVigulqwK6guHKndMlrLw88NXj8BtHRGrEksPR0QkyuHlwLf+tHYB4HmvpUl4W9lnXQf4hsljWP64BEdw==}
    cpu: [ia32]
    os: [win32]
    requiresBuild: true
    dev: true
    optional: true

  /turbo-windows-64/1.3.1:
    resolution: {integrity: sha512-gLeohHG07yIhON1Pp0YNE00i/yzip2GFhkA6HdJaK95uE5bKULpqxuO414hOS/WzGwrGVXBKCImfe24XXh5T+Q==}
    cpu: [x64]
    os: [win32]
    requiresBuild: true
    dev: true
    optional: true

  /turbo-windows-arm64/1.3.1:
    resolution: {integrity: sha512-0MWcHLvYgs/qdcoTFZ55nu8HhrpeiwXEMw9cbNfgqTlzy3OsrAsovYEJFyQ8KSxeploiD+QJlCdvhxx+5C0tlA==}
    cpu: [arm64]
    os: [win32]
    requiresBuild: true
    dev: true
    optional: true

  /turbo/1.3.1:
    resolution: {integrity: sha512-DXckoGKlZgvTn/PrHpBI/57aeXR7tfyPf2dK+4LmBczt24ELA3o6eYHeA7KzfpSYhB2LE9qveYFQ6mJ1OzGjjg==}
    hasBin: true
    requiresBuild: true
    optionalDependencies:
      turbo-android-arm64: 1.3.1
      turbo-darwin-64: 1.3.1
      turbo-darwin-arm64: 1.3.1
      turbo-freebsd-64: 1.3.1
      turbo-freebsd-arm64: 1.3.1
      turbo-linux-32: 1.3.1
      turbo-linux-64: 1.3.1
      turbo-linux-arm: 1.3.1
      turbo-linux-arm64: 1.3.1
      turbo-linux-mips64le: 1.3.1
      turbo-linux-ppc64le: 1.3.1
      turbo-windows-32: 1.3.1
      turbo-windows-64: 1.3.1
      turbo-windows-arm64: 1.3.1
    dev: true

  /typanion/3.9.0:
    resolution: {integrity: sha512-7yPk67IIquhKQcUXOBM27vDuGmZf6oJbEmzgVfDniHCkT6+z4JnKY85nKqbstoec8Kp7hD06TP3Kc98ij43PIg==}
    dev: true

  /typescript/4.7.4:
    resolution: {integrity: sha512-C0WQT0gezHuw6AdY1M2jxUO83Rjf0HP7Sk1DtXj6j1EwkQNZrHAg2XPWlq62oqEhYvONq5pkC2Y9oPljWToLmQ==}
    engines: {node: '>=4.2.0'}
    hasBin: true
    dev: true
